{
  "name": "primo-explore-bclib-new",
  "version": "0.0.1",
  "lockfileVersion": 1,
  "requires": true,
  "dependencies": {
    "primo-explore-bc-logo": {
      "version": "file:../../../../primo-explore-bc-logo"
    },
    "primo-explore-bc-searchbar": {
      "version": "file:../../../../primo-explore-bc-searchbar"
    },
    "primo-explore-bc-staging": {
      "version": "file:../../../../primo-explore-bc-staging"
    },
    "primo-explore-proxy-borrower": {
      "version": "file:../../../../primo-explore-proxy-borrower"
    }
  }
}
