{
    "name": "primo-explore-bclib-new",
    "version": "0.0.1",
    "lockfileVersion": 1,
    "requires": true,
    "dependencies": {
        "primo-explore-bc-header": {
            "version": "file:../../../../primo-explore-bc-header"
        },
        "primo-explore-bc-staging": {
            "version": "file:../../../../primo-explore-bc-staging"
        },
        "primo-explore-proxy-borrower": {
            "version": "file:../../../../primo-explore-proxy-borrower"
        }
    }
}